
Microsoft Visual Studio Solution File, Format Version 12.00
# Visual Studio 2013
VisualStudioVersion = 12.0.31101.0
MinimumVisualStudioVersion = 10.0.40219.1
Project("{FAE04EC0-301F-11D3-BF4B-00C04F79EFBC}") = "WebApplication1", "WebApplication1\WebApplication1.csproj", "{BD5FC4B7-B825-41E0-9D09-31550C3C7535}"
EndProject
Global
	GlobalSection(SolutionConfigurationPlatforms) = preSolution
		Debug|Any CPU = Debug|Any CPU
		Release|Any CPU = Release|Any CPU
	EndGlobalSection
	GlobalSection(ProjectConfigurationPlatforms) = postSolution
		{BD5FC4B7-B825-41E0-9D09-31550C3C7535}.Debug|Any CPU.ActiveCfg = Debug|Any CPU
		{BD5FC4B7-B825-41E0-9D09-31550C3C7535}.Debug|Any CPU.Build.0 = Debug|Any CPU
		{BD5FC4B7-B825-41E0-9D09-31550C3C7535}.Release|Any CPU.ActiveCfg = Release|Any CPU
		{BD5FC4B7-B825-41E0-9D09-31550C3C7535}.Release|Any CPU.Build.0 = Release|Any CPU
	EndGlobalSection
	GlobalSection(SolutionProperties) = preSolution
		HideSolutionNode = FALSE
	EndGlobalSection
EndGlobal
